
Microsoft Visual Studio Solution File, Format Version 12.00
# Visual Studio 2010
Project("{FAE04EC0-301F-11D3-BF4B-00C04F79EFBC}") = "QCon12", "QCon12\QCon12.csproj", "{CAEF39B5-E482-4E47-8936-15880DEBDFFC}"
EndProject
Project("{FAE04EC0-301F-11D3-BF4B-00C04F79EFBC}") = "QCon12.Mobile", "QCon12.Mobile\QCon12.Mobile.csproj", "{8248E696-DEE5-41FB-9053-2D6202CE7623}"
EndProject
Project("{FAE04EC0-301F-11D3-BF4B-00C04F79EFBC}") = "AlbertoMonteiroWP7Tools", "..\AlbertoMonteiroWP7Tools\AlbertoMonteiroWP7Tools\AlbertoMonteiroWP7Tools.csproj", "{424B6F6C-D52F-4EBD-9107-27B03CF63848}"
EndProject
Project("{2150E333-8FDC-42A3-9474-1A3956D46DE8}") = "solution", "solution", "{A51DBB2D-8866-4335-B0DC-F4D605BD7CAE}"
	ProjectSection(SolutionItems) = preProject
		readme.markdown = readme.markdown
	EndProjectSection
EndProject
Global
	GlobalSection(SolutionConfigurationPlatforms) = preSolution
		Debug|Any CPU = Debug|Any CPU
		Release|Any CPU = Release|Any CPU
	EndGlobalSection
	GlobalSection(ProjectConfigurationPlatforms) = postSolution
		{CAEF39B5-E482-4E47-8936-15880DEBDFFC}.Debug|Any CPU.ActiveCfg = Debug|Any CPU
		{CAEF39B5-E482-4E47-8936-15880DEBDFFC}.Debug|Any CPU.Build.0 = Debug|Any CPU
		{CAEF39B5-E482-4E47-8936-15880DEBDFFC}.Release|Any CPU.ActiveCfg = Release|Any CPU
		{CAEF39B5-E482-4E47-8936-15880DEBDFFC}.Release|Any CPU.Build.0 = Release|Any CPU
		{8248E696-DEE5-41FB-9053-2D6202CE7623}.Debug|Any CPU.ActiveCfg = Debug|Any CPU
		{8248E696-DEE5-41FB-9053-2D6202CE7623}.Debug|Any CPU.Build.0 = Debug|Any CPU
		{8248E696-DEE5-41FB-9053-2D6202CE7623}.Debug|Any CPU.Deploy.0 = Debug|Any CPU
		{8248E696-DEE5-41FB-9053-2D6202CE7623}.Release|Any CPU.ActiveCfg = Release|Any CPU
		{8248E696-DEE5-41FB-9053-2D6202CE7623}.Release|Any CPU.Build.0 = Release|Any CPU
		{8248E696-DEE5-41FB-9053-2D6202CE7623}.Release|Any CPU.Deploy.0 = Release|Any CPU
		{424B6F6C-D52F-4EBD-9107-27B03CF63848}.Debug|Any CPU.ActiveCfg = Debug|Any CPU
		{424B6F6C-D52F-4EBD-9107-27B03CF63848}.Debug|Any CPU.Build.0 = Debug|Any CPU
		{424B6F6C-D52F-4EBD-9107-27B03CF63848}.Release|Any CPU.ActiveCfg = Release|Any CPU
		{424B6F6C-D52F-4EBD-9107-27B03CF63848}.Release|Any CPU.Build.0 = Release|Any CPU
	EndGlobalSection
	GlobalSection(SolutionProperties) = preSolution
		HideSolutionNode = FALSE
	EndGlobalSection
EndGlobal
