
Microsoft Visual Studio Solution File, Format Version 12.00
# Visual Studio 2010
Project("{FAE04EC0-301F-11D3-BF4B-00C04F79EFBC}") = "QCon12", "QCon12\QCon12.csproj", "{CAEF39B5-E482-4E47-8936-15880DEBDFFC}"
EndProject
Project("{FAE04EC0-301F-11D3-BF4B-00C04F79EFBC}") = "QCon12.Phone", "QCon12.Phone\QCon12.Phone.csproj", "{5A8679E1-4620-4A10-9B37-EB52A33F316E}"
EndProject
Global
	GlobalSection(SolutionConfigurationPlatforms) = preSolution
		Debug|Any CPU = Debug|Any CPU
		Release|Any CPU = Release|Any CPU
	EndGlobalSection
	GlobalSection(ProjectConfigurationPlatforms) = postSolution
		{CAEF39B5-E482-4E47-8936-15880DEBDFFC}.Debug|Any CPU.ActiveCfg = Debug|Any CPU
		{CAEF39B5-E482-4E47-8936-15880DEBDFFC}.Debug|Any CPU.Build.0 = Debug|Any CPU
		{CAEF39B5-E482-4E47-8936-15880DEBDFFC}.Release|Any CPU.ActiveCfg = Release|Any CPU
		{CAEF39B5-E482-4E47-8936-15880DEBDFFC}.Release|Any CPU.Build.0 = Release|Any CPU
		{5A8679E1-4620-4A10-9B37-EB52A33F316E}.Debug|Any CPU.ActiveCfg = Debug|Any CPU
		{5A8679E1-4620-4A10-9B37-EB52A33F316E}.Debug|Any CPU.Build.0 = Debug|Any CPU
		{5A8679E1-4620-4A10-9B37-EB52A33F316E}.Debug|Any CPU.Deploy.0 = Debug|Any CPU
		{5A8679E1-4620-4A10-9B37-EB52A33F316E}.Release|Any CPU.ActiveCfg = Release|Any CPU
		{5A8679E1-4620-4A10-9B37-EB52A33F316E}.Release|Any CPU.Build.0 = Release|Any CPU
		{5A8679E1-4620-4A10-9B37-EB52A33F316E}.Release|Any CPU.Deploy.0 = Release|Any CPU
	EndGlobalSection
	GlobalSection(SolutionProperties) = preSolution
		HideSolutionNode = FALSE
	EndGlobalSection
EndGlobal
